github.com/Songmu/prompter v0.3.0 h1:u4T18daNMg/p37COWQqIhZXVLhwnL5LJin6BU4JD2bs=
github.com/Songmu/prompter v0.3.0/go.mod h1:qXRyRoOsLZIF5fWoylqmM6xtUzwjvV+dg2hxfS3xikM=
github.com/dchest/bcrypt_pbkdf v0.0.0-20150205184540-83f37f9c154a h1:saTgr5tMLFnmy/yg3qDTft4rE5DY2uJ/cCxCe3q0XTU=
github.com/dchest/bcrypt_pbkdf v0.0.0-20150205184540-83f37f9c154a/go.mod h1:Bw9BbhOJVNR+t0jCqx2GC6zv0TGBsShs56Y3gfSCvl0=
github.com/gen2brain/dlgs v0.0.0-20200211102745-b9c2664df42f h1:Ub7Uppt+f4Gnu0zwy0sGetNFtkkDgwcirKNndYIMLM0=
github.com/gen2brain/dlgs v0.0.0-20200211102745-b9c2664df42f/go.mod h1:/eFcjDXaU2THSOOqLxOPETIbHETnamk8FA/hMjhg/gU=
github.com/mattn/go-isatty v0.0.10 h1:qxFzApOv4WsAL965uUPIsXzAKCZxN2p9UqdhFS4ZW10=
github.com/mattn/go-isatty v0.0.10/go.mod h1:qgIWMr58cqv1PHHyhnkY9lrL7etaEgOFcMEpPG5Rm84=
github.com/urfave/cli v1.20.0 h1:fDqGv3UG/4jbVl/QkFwEdddtEDjh/5Ov6X+0B/3bPaw=
github.com/urfave/cli v1.20.0/go.mod h1:70zkFmudgCuE/ngEzBv17Jvp/497gISqfk5gWijbERA=
go.uber.org/atomic v1.2.0 h1:yVVGhClJ8Xi1y4TxhJZE6QFPrz76BrzhWA01n47mSFk=
go.uber.org/atomic v1.2.0/go.mod h1:gD2HeocX3+yG+ygLZcrzQJaqmWj9AIm7n08wl/qW/PE=
go.uber.org/multierr v1.1.0 h1:HoEmRHQPVSqub6w2z2d2EOVs2fjyFRGyofhKuyDq0QI=
go.uber.org/multierr v1.1.0/go.mod h1:wR5kodmAFQ0UK8QlbwjlSNy0Z68gJhDJUG5sjR94q/0=
go.uber.org/zap v1.7.1 h1:wKPciimwkIgV4Aag/wpSDzvtO5JrfwdHKHO7blTHx7Q=
go.uber.org/zap v1.7.1/go.mod h1:vwi/ZaCAaUcBkycHslxD9B2zi4UTXhF60s6SWpuDF0Q=
golang.org/x/crypto v0.0.0-20190308221718-c2843e01d9a2/go.mod h1:djNgcEr1/C05ACkg1iLfiJU5Ep61QUkGW8qpdssI0+w=
golang.org/x/crypto v0.0.0-20191202143827-86a70503ff7e/go.mod h1:LzIPMQfyMNhhGPhUkYOs5KpL4U8rLKemX1yGLhDgUto=
golang.org/x/crypto v0.0.0-20200622213623-75b288015ac9 h1:psW17arqaxU48Z5kZ0CQnkZWQJsqcURM6tKiBApRjXI=
golang.org/x/crypto v0.0.0-20200622213623-75b288015ac9/go.mod h1:LzIPMQfyMNhhGPhUkYOs5KpL4U8rLKemX1yGLhDgUto=
golang.org/x/net v0.0.0-20190404232315-eb5bcb51f2a3/go.mod h1:t9HGtf8HONx5eT2rtn7q6eTqICYqUVnKs3thJo3Qplg=
golang.org/x/sys v0.0.0-20190215142949-d0b11bdaac8a/go.mod h1:STP8DvDyc/dI5b8T5hshtkjS+E42TnysNCUPdjciGhY=
golang.org/x/sys v0.0.0-20190412213103-97732733099d/go.mod h1:h1NjWce9XRLGQEsW7wpKNCjG9DtNlClVuFLEZdDNbEs=
golang.org/x/sys v0.0.0-20191008105621-543471e840be/go.mod h1:h1NjWce9XRLGQEsW7wpKNCjG9DtNlClVuFLEZdDNbEs=
golang.org/x/sys v0.0.0-20191128015809-6d18c012aee9 h1:ZBzSG/7F4eNKz2L3GE9o300RX0Az1Bw5HF7PDraD+qU=
golang.org/x/sys v0.0.0-20191128015809-6d18c012aee9/go.mod h1:h1NjWce9XRLGQEsW7wpKNCjG9DtNlClVuFLEZdDNbEs=
golang.org/x/text v0.3.0/go.mod h1:NqM8EUOU14njkJ3fqMW+pc6Ldnwhi/IjpwHt7yyuwOQ=
gopkg.in/yaml.v2 v2.0.0-20170812160011-eb3733d160e7 h1:+t9dhfO+GNOIGJof6kPOAenx7YgrZMTdRPV+EsnPabk=
gopkg.in/yaml.v2 v2.0.0-20170812160011-eb3733d160e7/go.mod h1:JAlM8MvJe8wmxCU4Bli9HhUf9+ttbYbLASfIpnQbh74=
